
Microsoft Visual Studio Solution File, Format Version 12.00
# Visual Studio Version 17
VisualStudioVersion = 17.8.34511.84
MinimumVisualStudioVersion = 10.0.40219.1
Project("{FAE04EC0-301F-11D3-BF4B-00C04F79EFBC}") = "WebApi_Video", "WebApi_Video\WebApi_Video.csproj", "{A31848B5-BD5A-4A14-95C5-2F2559E0F26F}"
EndProject
Global
	GlobalSection(SolutionConfigurationPlatforms) = preSolution
		Debug|Any CPU = Debug|Any CPU
		Release|Any CPU = Release|Any CPU
	EndGlobalSection
	GlobalSection(ProjectConfigurationPlatforms) = postSolution
		{A31848B5-BD5A-4A14-95C5-2F2559E0F26F}.Debug|Any CPU.ActiveCfg = Debug|Any CPU
		{A31848B5-BD5A-4A14-95C5-2F2559E0F26F}.Debug|Any CPU.Build.0 = Debug|Any CPU
		{A31848B5-BD5A-4A14-95C5-2F2559E0F26F}.Release|Any CPU.ActiveCfg = Release|Any CPU
		{A31848B5-BD5A-4A14-95C5-2F2559E0F26F}.Release|Any CPU.Build.0 = Release|Any CPU
	EndGlobalSection
	GlobalSection(SolutionProperties) = preSolution
		HideSolutionNode = FALSE
	EndGlobalSection
	GlobalSection(ExtensibilityGlobals) = postSolution
		SolutionGuid = {AC188977-CB4C-47EE-9790-8F2807FE6DD7}
	EndGlobalSection
EndGlobal
